Microsoft Visual Studio Solution File, Format Version 12.00
# Visual Studio Version 17
VisualStudioVersion = 17.5.2.0
MinimumVisualStudioVersion = 10.0.40219.1
Project("{FAE04EC0-301F-11D3-BF4B-00C04F79EFBC}") = "POO-CSharp", "POO-CSharp.csproj", "{EBA716C8-372A-A719-DAC3-EB888DC27544}"
EndProject
Global
	GlobalSection(SolutionConfigurationPlatforms) = preSolution
		Debug|Any CPU = Debug|Any CPU
		Release|Any CPU = Release|Any CPU
	EndGlobalSection
	GlobalSection(ProjectConfigurationPlatforms) = postSolution
		{EBA716C8-372A-A719-DAC3-EB888DC27544}.Debug|Any CPU.ActiveCfg = Debug|Any CPU
		{EBA716C8-372A-A719-DAC3-EB888DC27544}.Debug|Any CPU.Build.0 = Debug|Any CPU
		{EBA716C8-372A-A719-DAC3-EB888DC27544}.Release|Any CPU.ActiveCfg = Release|Any CPU
		{EBA716C8-372A-A719-DAC3-EB888DC27544}.Release|Any CPU.Build.0 = Release|Any CPU
	EndGlobalSection
	GlobalSection(SolutionProperties) = preSolution
		HideSolutionNode = FALSE
	EndGlobalSection
	GlobalSection(ExtensibilityGlobals) = postSolution
		SolutionGuid = {61416089-B76F-4DF4-965D-2BFDDAB3E16B}
	EndGlobalSection
EndGlobal
